{
  "pins" : [
    {
      "identity" : "appsflyerframework",
      "kind" : "remoteSourceControl",
      "location" : "https://github.com/AppsFlyerSDK/AppsFlyerFramework.git",
      "state" : {
        "revision" : "0d8359239a349db4ac2aba8efe2ad8835fc799b5",
        "version" : "6.12.2"
      }
    },
    {
      "identity" : "bak",
      "kind" : "remoteSourceControl",
      "location" : "https://github.com/lizarge/BAK",
      "state" : {
        "branch" : "main",
        "revision" : "4f28920c82891745642614ed42c644876736db94"
      }
    },
    {
      "identity" : "facebook-ios-sdk",
      "kind" : "remoteSourceControl",
      "location" : "https://github.com/facebook/facebook-ios-sdk.git",
      "state" : {
        "branch" : "main",
        "revision" : "0f418b344e4b3f602fe79a04c71b02363e232c32"
      }
    },
    {
      "identity" : "sbpasyncimage",
      "kind" : "remoteSourceControl",
      "location" : "https://github.com/yutailang0119/SBPAsyncImage",
      "state" : {
        "revision" : "b1fd0fa16eaa58ae29f728160020ef1b78de740d",
        "version" : "0.2.0"
      }
    },
    {
      "identity" : "swiftui-mediapicker",
      "kind" : "remoteSourceControl",
      "location" : "https://github.com/UWAppDev/SwiftUI-MediaPicker",
      "state" : {
        "revision" : "96f18b1350873dec0a76355c7060cd0a06100901",
        "version" : "0.2.0"
      }
    },
    {
      "identity" : "tiktokopensdk",
      "kind" : "remoteSourceControl",
      "location" : "https://github.com/qasim/TikTokOpenSDK.git",
      "state" : {
        "revision" : "e00bcb5bc8496d0cb32eddc4980f0f462d7d1874",
        "version" : "5.0.14"
      }
    }
  ],
  "version" : 2
}
