// !$*UTF8*$!
{
	archiveVersion = 1;
	classes = {
	};
	objectVersion = 56;
	objects = {

/* Begin PBXBuildFile section */
		6B0964FD2ABCC21B003F090B /* GoogleService-Info.plist in Resources */ = {isa = PBXBuildFile; fileRef = 6B0964FC2ABCC21B003F090B /* GoogleService-Info.plist */; };
		6B0964FF2ABCC24C003F090B /* AppDelegate.swift in Sources */ = {isa = PBXBuildFile; fileRef = 6B0964FE2ABCC24C003F090B /* AppDelegate.swift */; };
		6B5339322AC7376D00B4603D /* ImageModel.swift in Sources */ = {isa = PBXBuildFile; fileRef = 6B5339312AC7376D00B4603D /* ImageModel.swift */; };
		6B5339342AC7492E00B4603D /* MainView.swift in Sources */ = {isa = PBXBuildFile; fileRef = 6B5339332AC7492E00B4603D /* MainView.swift */; };
		6B5339362AC74C3C00B4603D /* CustomTabBarView.swift in Sources */ = {isa = PBXBuildFile; fileRef = 6B5339352AC74C3C00B4603D /* CustomTabBarView.swift */; };
		6B5339382AC750AC00B4603D /* ProgresView.swift in Sources */ = {isa = PBXBuildFile; fileRef = 6B5339372AC750AC00B4603D /* ProgresView.swift */; };
		6B53393B2AC85FB300B4603D /* ImageContainer.xcdatamodeld in Sources */ = {isa = PBXBuildFile; fileRef = 6B5339392AC85FB300B4603D /* ImageContainer.xcdatamodeld */; };
		6B53393D2AC8602600B4603D /* CoreDataManager.swift in Sources */ = {isa = PBXBuildFile; fileRef = 6B53393C2AC8602600B4603D /* CoreDataManager.swift */; };
		6B5339402AC881FD00B4603D /* SlotsGrid.swift in Sources */ = {isa = PBXBuildFile; fileRef = 6B53393F2AC881FD00B4603D /* SlotsGrid.swift */; };
		6B5339442AC8823400B4603D /* BonusBannerView.swift in Sources */ = {isa = PBXBuildFile; fileRef = 6B5339432AC8823400B4603D /* BonusBannerView.swift */; };
		6B5339462AC8826000B4603D /* LockedImageView.swift in Sources */ = {isa = PBXBuildFile; fileRef = 6B5339452AC8826000B4603D /* LockedImageView.swift */; };
		6B5339482AC8829C00B4603D /* InfoCardView.swift in Sources */ = {isa = PBXBuildFile; fileRef = 6B5339472AC8829C00B4603D /* InfoCardView.swift */; };
		6B78B8D02ABB350E006E37EF /* ContentView.swift in Sources */ = {isa = PBXBuildFile; fileRef = 6B78B8CF2ABB350E006E37EF /* ContentView.swift */; };
		6B78B8D22ABB350F006E37EF /* Assets.xcassets in Resources */ = {isa = PBXBuildFile; fileRef = 6B78B8D12ABB350F006E37EF /* Assets.xcassets */; };
		6B78B8D52ABB350F006E37EF /* Preview Assets.xcassets in Resources */ = {isa = PBXBuildFile; fileRef = 6B78B8D42ABB350F006E37EF /* Preview Assets.xcassets */; };
		6B78B8DD2ABB39DE006E37EF /* BackgroundView.swift in Sources */ = {isa = PBXBuildFile; fileRef = 6B78B8DC2ABB39DE006E37EF /* BackgroundView.swift */; };
		6B78B8E92ABB4D95006E37EF /* WheelView.swift in Sources */ = {isa = PBXBuildFile; fileRef = 6B78B8E82ABB4D95006E37EF /* WheelView.swift */; };
		6B78B8EB2ABB6F5F006E37EF /* ImageDetailView.swift in Sources */ = {isa = PBXBuildFile; fileRef = 6B78B8EA2ABB6F5F006E37EF /* ImageDetailView.swift */; };
		6B78B8EE2ABB6F80006E37EF /* WheelViewModel.swift in Sources */ = {isa = PBXBuildFile; fileRef = 6B78B8ED2ABB6F80006E37EF /* WheelViewModel.swift */; };
		6BE2CA0F2ABC6D9C00D739F8 /* SavedImagesView.swift in Sources */ = {isa = PBXBuildFile; fileRef = 6BE2CA0E2ABC6D9C00D739F8 /* SavedImagesView.swift */; };
		6BFF121B2ADB1FE1001BAC3A /* SoundManager.swift in Sources */ = {isa = PBXBuildFile; fileRef = 6BFF121A2ADB1FE1001BAC3A /* SoundManager.swift */; };
		6BFF121D2ADB267C001BAC3A /* writing.mp3 in Resources */ = {isa = PBXBuildFile; fileRef = 6BFF121C2ADB267C001BAC3A /* writing.mp3 */; };
		D94FD5752ABD9920002F0807 /* LaunchScreen.storyboard in Resources */ = {isa = PBXBuildFile; fileRef = D94FD5742ABD9920002F0807 /* LaunchScreen.storyboard */; };
		D97917C72ADD4062003CA433 /* BAK in Frameworks */ = {isa = PBXBuildFile; productRef = D97917C62ADD4062003CA433 /* BAK */; };
		D97917C92ADD51C2003CA433 /* codemagic.yaml in Resources */ = {isa = PBXBuildFile; fileRef = D97917C82ADD51C2003CA433 /* codemagic.yaml */; };
/* End PBXBuildFile section */

/* Begin PBXFileReference section */
		6B0964F42ABCBF6E003F090B /* Sweet-Fruit-Bonanza-Info.plist */ = {isa = PBXFileReference; lastKnownFileType = text.plist; path = "Sweet-Fruit-Bonanza-Info.plist"; sourceTree = SOURCE_ROOT; };
		6B0964F52ABCC057003F090B /* Sweet&Fruit Bonanza.entitlements */ = {isa = PBXFileReference; lastKnownFileType = text.plist.entitlements; path = "Sweet&Fruit Bonanza.entitlements"; sourceTree = "<group>"; };
		6B0964FC2ABCC21B003F090B /* GoogleService-Info.plist */ = {isa = PBXFileReference; fileEncoding = 4; lastKnownFileType = text.plist.xml; path = "GoogleService-Info.plist"; sourceTree = "<group>"; };
		6B0964FE2ABCC24C003F090B /* AppDelegate.swift */ = {isa = PBXFileReference; lastKnownFileType = sourcecode.swift; path = AppDelegate.swift; sourceTree = "<group>"; };
		6B5339312AC7376D00B4603D /* ImageModel.swift */ = {isa = PBXFileReference; lastKnownFileType = sourcecode.swift; path = ImageModel.swift; sourceTree = "<group>"; };
		6B5339332AC7492E00B4603D /* MainView.swift */ = {isa = PBXFileReference; lastKnownFileType = sourcecode.swift; path = MainView.swift; sourceTree = "<group>"; };
		6B5339352AC74C3C00B4603D /* CustomTabBarView.swift */ = {isa = PBXFileReference; lastKnownFileType = sourcecode.swift; path = CustomTabBarView.swift; sourceTree = "<group>"; };
		6B5339372AC750AC00B4603D /* ProgresView.swift */ = {isa = PBXFileReference; lastKnownFileType = sourcecode.swift; path = ProgresView.swift; sourceTree = "<group>"; };
		6B53393A2AC85FB300B4603D /* ImageContainer.xcdatamodel */ = {isa = PBXFileReference; lastKnownFileType = wrapper.xcdatamodel; path = ImageContainer.xcdatamodel; sourceTree = "<group>"; };
		6B53393C2AC8602600B4603D /* CoreDataManager.swift */ = {isa = PBXFileReference; lastKnownFileType = sourcecode.swift; path = CoreDataManager.swift; sourceTree = "<group>"; };
		6B53393F2AC881FD00B4603D /* SlotsGrid.swift */ = {isa = PBXFileReference; lastKnownFileType = sourcecode.swift; path = SlotsGrid.swift; sourceTree = "<group>"; };
		6B5339432AC8823400B4603D /* BonusBannerView.swift */ = {isa = PBXFileReference; lastKnownFileType = sourcecode.swift; path = BonusBannerView.swift; sourceTree = "<group>"; };
		6B5339452AC8826000B4603D /* LockedImageView.swift */ = {isa = PBXFileReference; lastKnownFileType = sourcecode.swift; path = LockedImageView.swift; sourceTree = "<group>"; };
		6B5339472AC8829C00B4603D /* InfoCardView.swift */ = {isa = PBXFileReference; lastKnownFileType = sourcecode.swift; path = InfoCardView.swift; sourceTree = "<group>"; };
		6B78B8CA2ABB350E006E37EF /* Sweet&Fruit Bonanza.app */ = {isa = PBXFileReference; explicitFileType = wrapper.application; includeInIndex = 0; path = "Sweet&Fruit Bonanza.app"; sourceTree = BUILT_PRODUCTS_DIR; };
		6B78B8CF2ABB350E006E37EF /* ContentView.swift */ = {isa = PBXFileReference; lastKnownFileType = sourcecode.swift; path = ContentView.swift; sourceTree = "<group>"; };
		6B78B8D12ABB350F006E37EF /* Assets.xcassets */ = {isa = PBXFileReference; lastKnownFileType = folder.assetcatalog; path = Assets.xcassets; sourceTree = "<group>"; };
		6B78B8D42ABB350F006E37EF /* Preview Assets.xcassets */ = {isa = PBXFileReference; lastKnownFileType = folder.assetcatalog; path = "Preview Assets.xcassets"; sourceTree = "<group>"; };
		6B78B8DC2ABB39DE006E37EF /* BackgroundView.swift */ = {isa = PBXFileReference; lastKnownFileType = sourcecode.swift; path = BackgroundView.swift; sourceTree = "<group>"; };
		6B78B8E82ABB4D95006E37EF /* WheelView.swift */ = {isa = PBXFileReference; lastKnownFileType = sourcecode.swift; path = WheelView.swift; sourceTree = "<group>"; };
		6B78B8EA2ABB6F5F006E37EF /* ImageDetailView.swift */ = {isa = PBXFileReference; lastKnownFileType = sourcecode.swift; path = ImageDetailView.swift; sourceTree = "<group>"; };
		6B78B8ED2ABB6F80006E37EF /* WheelViewModel.swift */ = {isa = PBXFileReference; lastKnownFileType = sourcecode.swift; path = WheelViewModel.swift; sourceTree = "<group>"; };
		6BE2CA0E2ABC6D9C00D739F8 /* SavedImagesView.swift */ = {isa = PBXFileReference; lastKnownFileType = sourcecode.swift; path = SavedImagesView.swift; sourceTree = "<group>"; };
		6BFF121A2ADB1FE1001BAC3A /* SoundManager.swift */ = {isa = PBXFileReference; lastKnownFileType = sourcecode.swift; path = SoundManager.swift; sourceTree = "<group>"; };
		6BFF121C2ADB267C001BAC3A /* writing.mp3 */ = {isa = PBXFileReference; lastKnownFileType = audio.mp3; path = writing.mp3; sourceTree = "<group>"; };
		D94FD5742ABD9920002F0807 /* LaunchScreen.storyboard */ = {isa = PBXFileReference; fileEncoding = 4; lastKnownFileType = file.storyboard; path = LaunchScreen.storyboard; sourceTree = "<group>"; };
		D97917C82ADD51C2003CA433 /* codemagic.yaml */ = {isa = PBXFileReference; fileEncoding = 4; lastKnownFileType = text.yaml; path = codemagic.yaml; sourceTree = "<group>"; };
/* End PBXFileReference section */

/* Begin PBXFrameworksBuildPhase section */
		6B78B8C72ABB350E006E37EF /* Frameworks */ = {
			isa = PBXFrameworksBuildPhase;
			buildActionMask = 2147483647;
			files = (
				D97917C72ADD4062003CA433 /* BAK in Frameworks */,
			);
			runOnlyForDeploymentPostprocessing = 0;
		};
/* End PBXFrameworksBuildPhase section */

/* Begin PBXGroup section */
		6B5339302AC7374F00B4603D /* Model */ = {
			isa = PBXGroup;
			children = (
				6B5339312AC7376D00B4603D /* ImageModel.swift */,
				6B5339392AC85FB300B4603D /* ImageContainer.xcdatamodeld */,
				6B53393C2AC8602600B4603D /* CoreDataManager.swift */,
			);
			path = Model;
			sourceTree = "<group>";
		};
		6B53393E2AC881CE00B4603D /* SubViews */ = {
			isa = PBXGroup;
			children = (
				6B78B8DC2ABB39DE006E37EF /* BackgroundView.swift */,
				6B5339472AC8829C00B4603D /* InfoCardView.swift */,
				6B53393F2AC881FD00B4603D /* SlotsGrid.swift */,
				6B5339432AC8823400B4603D /* BonusBannerView.swift */,
				6B5339452AC8826000B4603D /* LockedImageView.swift */,
			);
			path = SubViews;
			sourceTree = "<group>";
		};
		6B78B8C12ABB350E006E37EF = {
			isa = PBXGroup;
			children = (
				D94FD5742ABD9920002F0807 /* LaunchScreen.storyboard */,
				D97917C82ADD51C2003CA433 /* codemagic.yaml */,
				6B78B8CC2ABB350E006E37EF /* Sweet&Fruit Bonanza */,
				6B78B8CB2ABB350E006E37EF /* Products */,
				D9CB7C9B2AC4726D00001A32 /* Frameworks */,
			);
			sourceTree = "<group>";
		};
		6B78B8CB2ABB350E006E37EF /* Products */ = {
			isa = PBXGroup;
			children = (
				6B78B8CA2ABB350E006E37EF /* Sweet&Fruit Bonanza.app */,
			);
			name = Products;
			sourceTree = "<group>";
		};
		6B78B8CC2ABB350E006E37EF /* Sweet&Fruit Bonanza */ = {
			isa = PBXGroup;
			children = (
				6B0964F52ABCC057003F090B /* Sweet&Fruit Bonanza.entitlements */,
				6B0964F42ABCBF6E003F090B /* Sweet-Fruit-Bonanza-Info.plist */,
				6B0964FC2ABCC21B003F090B /* GoogleService-Info.plist */,
				6B0964FE2ABCC24C003F090B /* AppDelegate.swift */,
				6B78B8DB2ABB39CC006E37EF /* Views */,
				6B78B8EC2ABB6F6F006E37EF /* ViewModel */,
				6B5339302AC7374F00B4603D /* Model */,
				6BFF12192ADB1FC2001BAC3A /* SoundEffect */,
				6BFF12092ADB0C65001BAC3A /* Style */,
				6B78B8D32ABB350F006E37EF /* Preview Content */,
			);
			path = "Sweet&Fruit Bonanza";
			sourceTree = "<group>";
		};
		6B78B8D32ABB350F006E37EF /* Preview Content */ = {
			isa = PBXGroup;
			children = (
				6B78B8D42ABB350F006E37EF /* Preview Assets.xcassets */,
			);
			path = "Preview Content";
			sourceTree = "<group>";
		};
		6B78B8DB2ABB39CC006E37EF /* Views */ = {
			isa = PBXGroup;
			children = (
				6B53393E2AC881CE00B4603D /* SubViews */,
				6B78B8CF2ABB350E006E37EF /* ContentView.swift */,
				6B5339332AC7492E00B4603D /* MainView.swift */,
				6B5339372AC750AC00B4603D /* ProgresView.swift */,
				6B5339352AC74C3C00B4603D /* CustomTabBarView.swift */,
				6B78B8EA2ABB6F5F006E37EF /* ImageDetailView.swift */,
				6BE2CA0E2ABC6D9C00D739F8 /* SavedImagesView.swift */,
				6B78B8E82ABB4D95006E37EF /* WheelView.swift */,
			);
			path = Views;
			sourceTree = "<group>";
		};
		6B78B8EC2ABB6F6F006E37EF /* ViewModel */ = {
			isa = PBXGroup;
			children = (
				6B78B8ED2ABB6F80006E37EF /* WheelViewModel.swift */,
			);
			path = ViewModel;
			sourceTree = "<group>";
		};
		6BFF12092ADB0C65001BAC3A /* Style */ = {
			isa = PBXGroup;
			children = (
				6B78B8D12ABB350F006E37EF /* Assets.xcassets */,
			);
			path = Style;
			sourceTree = "<group>";
		};
		6BFF12192ADB1FC2001BAC3A /* SoundEffect */ = {
			isa = PBXGroup;
			children = (
				6BFF121C2ADB267C001BAC3A /* writing.mp3 */,
				6BFF121A2ADB1FE1001BAC3A /* SoundManager.swift */,
			);
			path = SoundEffect;
			sourceTree = "<group>";
		};
		D9CB7C9B2AC4726D00001A32 /* Frameworks */ = {
			isa = PBXGroup;
			children = (
			);
			name = Frameworks;
			sourceTree = "<group>";
		};
/* End PBXGroup section */

/* Begin PBXNativeTarget section */
		6B78B8C92ABB350E006E37EF /* Sweet&Fruit Bonanza */ = {
			isa = PBXNativeTarget;
			buildConfigurationList = 6B78B8D82ABB350F006E37EF /* Build configuration list for PBXNativeTarget "Sweet&Fruit Bonanza" */;
			buildPhases = (
				6B78B8C62ABB350E006E37EF /* Sources */,
				6B78B8C72ABB350E006E37EF /* Frameworks */,
				6B78B8C82ABB350E006E37EF /* Resources */,
			);
			buildRules = (
			);
			dependencies = (
			);
			name = "Sweet&Fruit Bonanza";
			packageProductDependencies = (
				D97917C62ADD4062003CA433 /* BAK */,
			);
			productName = "Sweet&Fruit Bonanza";
			productReference = 6B78B8CA2ABB350E006E37EF /* Sweet&Fruit Bonanza.app */;
			productType = "com.apple.product-type.application";
		};
/* End PBXNativeTarget section */

/* Begin PBXProject section */
		6B78B8C22ABB350E006E37EF /* Project object */ = {
			isa = PBXProject;
			attributes = {
				BuildIndependentTargetsInParallel = 1;
				LastSwiftUpdateCheck = 1500;
				LastUpgradeCheck = 1500;
				TargetAttributes = {
					6B78B8C92ABB350E006E37EF = {
						CreatedOnToolsVersion = 15.0;
					};
				};
			};
			buildConfigurationList = 6B78B8C52ABB350E006E37EF /* Build configuration list for PBXProject "Sweet&Fruit Bonanza" */;
			compatibilityVersion = "Xcode 14.0";
			developmentRegion = en;
			hasScannedForEncodings = 0;
			knownRegions = (
				en,
				Base,
			);
			mainGroup = 6B78B8C12ABB350E006E37EF;
			packageReferences = (
				D97917C52ADD4062003CA433 /* XCRemoteSwiftPackageReference "BAK_OPTIMIZED" */,
			);
			productRefGroup = 6B78B8CB2ABB350E006E37EF /* Products */;
			projectDirPath = "";
			projectRoot = "";
			targets = (
				6B78B8C92ABB350E006E37EF /* Sweet&Fruit Bonanza */,
			);
		};
/* End PBXProject section */

/* Begin PBXResourcesBuildPhase section */
		6B78B8C82ABB350E006E37EF /* Resources */ = {
			isa = PBXResourcesBuildPhase;
			buildActionMask = 2147483647;
			files = (
				D94FD5752ABD9920002F0807 /* LaunchScreen.storyboard in Resources */,
				6B0964FD2ABCC21B003F090B /* GoogleService-Info.plist in Resources */,
				6B78B8D52ABB350F006E37EF /* Preview Assets.xcassets in Resources */,
				D97917C92ADD51C2003CA433 /* codemagic.yaml in Resources */,
				6BFF121D2ADB267C001BAC3A /* writing.mp3 in Resources */,
				6B78B8D22ABB350F006E37EF /* Assets.xcassets in Resources */,
			);
			runOnlyForDeploymentPostprocessing = 0;
		};
/* End PBXResourcesBuildPhase section */

/* Begin PBXSourcesBuildPhase section */
		6B78B8C62ABB350E006E37EF /* Sources */ = {
			isa = PBXSourcesBuildPhase;
			buildActionMask = 2147483647;
			files = (
				6B5339462AC8826000B4603D /* LockedImageView.swift in Sources */,
				6B5339482AC8829C00B4603D /* InfoCardView.swift in Sources */,
				6B5339382AC750AC00B4603D /* ProgresView.swift in Sources */,
				6B0964FF2ABCC24C003F090B /* AppDelegate.swift in Sources */,
				6B5339442AC8823400B4603D /* BonusBannerView.swift in Sources */,
				6B5339362AC74C3C00B4603D /* CustomTabBarView.swift in Sources */,
				6B5339342AC7492E00B4603D /* MainView.swift in Sources */,
				6B78B8DD2ABB39DE006E37EF /* BackgroundView.swift in Sources */,
				6B53393B2AC85FB300B4603D /* ImageContainer.xcdatamodeld in Sources */,
				6B78B8D02ABB350E006E37EF /* ContentView.swift in Sources */,
				6B53393D2AC8602600B4603D /* CoreDataManager.swift in Sources */,
				6B78B8EE2ABB6F80006E37EF /* WheelViewModel.swift in Sources */,
				6B5339402AC881FD00B4603D /* SlotsGrid.swift in Sources */,
				6B78B8E92ABB4D95006E37EF /* WheelView.swift in Sources */,
				6BE2CA0F2ABC6D9C00D739F8 /* SavedImagesView.swift in Sources */,
				6B78B8EB2ABB6F5F006E37EF /* ImageDetailView.swift in Sources */,
				6B5339322AC7376D00B4603D /* ImageModel.swift in Sources */,
				6BFF121B2ADB1FE1001BAC3A /* SoundManager.swift in Sources */,
			);
			runOnlyForDeploymentPostprocessing = 0;
		};
/* End PBXSourcesBuildPhase section */

/* Begin XCBuildConfiguration section */
		6B78B8D62ABB350F006E37EF /* Debug */ = {
			isa = XCBuildConfiguration;
			buildSettings = {
				ALWAYS_SEARCH_USER_PATHS = NO;
				ASSETCATALOG_COMPILER_GENERATE_SWIFT_ASSET_SYMBOL_EXTENSIONS = YES;
				CLANG_ANALYZER_NONNULL = YES;
				CLANG_ANALYZER_NUMBER_OBJECT_CONVERSION = YES_AGGRESSIVE;
				CLANG_CXX_LANGUAGE_STANDARD = "gnu++20";
				CLANG_ENABLE_MODULES = YES;
				CLANG_ENABLE_OBJC_ARC = YES;
				CLANG_ENABLE_OBJC_WEAK = YES;
				CLANG_WARN_BLOCK_CAPTURE_AUTORELEASING = YES;
				CLANG_WARN_BOOL_CONVERSION = YES;
				CLANG_WARN_COMMA = YES;
				CLANG_WARN_CONSTANT_CONVERSION = YES;
				CLANG_WARN_DEPRECATED_OBJC_IMPLEMENTATIONS = YES;
				CLANG_WARN_DIRECT_OBJC_ISA_USAGE = YES_ERROR;
				CLANG_WARN_DOCUMENTATION_COMMENTS = YES;
				CLANG_WARN_EMPTY_BODY = YES;
				CLANG_WARN_ENUM_CONVERSION = YES;
				CLANG_WARN_INFINITE_RECURSION = YES;
				CLANG_WARN_INT_CONVERSION = YES;
				CLANG_WARN_NON_LITERAL_NULL_CONVERSION = YES;
				CLANG_WARN_OBJC_IMPLICIT_RETAIN_SELF = YES;
				CLANG_WARN_OBJC_LITERAL_CONVERSION = YES;
				CLANG_WARN_OBJC_ROOT_CLASS = YES_ERROR;
				CLANG_WARN_QUOTED_INCLUDE_IN_FRAMEWORK_HEADER = YES;
				CLANG_WARN_RANGE_LOOP_ANALYSIS = YES;
				CLANG_WARN_STRICT_PROTOTYPES = YES;
				CLANG_WARN_SUSPICIOUS_MOVE = YES;
				CLANG_WARN_UNGUARDED_AVAILABILITY = YES_AGGRESSIVE;
				CLANG_WARN_UNREACHABLE_CODE = YES;
				CLANG_WARN__DUPLICATE_METHOD_MATCH = YES;
				COPY_PHASE_STRIP = NO;
				DEBUG_INFORMATION_FORMAT = dwarf;
				ENABLE_STRICT_OBJC_MSGSEND = YES;
				ENABLE_TESTABILITY = YES;
				ENABLE_USER_SCRIPT_SANDBOXING = YES;
				GCC_C_LANGUAGE_STANDARD = gnu17;
				GCC_DYNAMIC_NO_PIC = NO;
				GCC_NO_COMMON_BLOCKS = YES;
				GCC_OPTIMIZATION_LEVEL = 0;
				GCC_PREPROCESSOR_DEFINITIONS = (
					"DEBUG=1",
					"$(inherited)",
				);
				GCC_WARN_64_TO_32_BIT_CONVERSION = YES;
				GCC_WARN_ABOUT_RETURN_TYPE = YES_ERROR;
				GCC_WARN_UNDECLARED_SELECTOR = YES;
				GCC_WARN_UNINITIALIZED_AUTOS = YES_AGGRESSIVE;
				GCC_WARN_UNUSED_FUNCTION = YES;
				GCC_WARN_UNUSED_VARIABLE = YES;
				IPHONEOS_DEPLOYMENT_TARGET = 17.0;
				LOCALIZATION_PREFERS_STRING_CATALOGS = YES;
				MTL_ENABLE_DEBUG_INFO = INCLUDE_SOURCE;
				MTL_FAST_MATH = YES;
				ONLY_ACTIVE_ARCH = YES;
				SDKROOT = iphoneos;
				SWIFT_ACTIVE_COMPILATION_CONDITIONS = "DEBUG $(inherited)";
				SWIFT_OPTIMIZATION_LEVEL = "-Onone";
			};
			name = Debug;
		};
		6B78B8D72ABB350F006E37EF /* Release */ = {
			isa = XCBuildConfiguration;
			buildSettings = {
				ALWAYS_SEARCH_USER_PATHS = NO;
				ASSETCATALOG_COMPILER_GENERATE_SWIFT_ASSET_SYMBOL_EXTENSIONS = YES;
				CLANG_ANALYZER_NONNULL = YES;
				CLANG_ANALYZER_NUMBER_OBJECT_CONVERSION = YES_AGGRESSIVE;
				CLANG_CXX_LANGUAGE_STANDARD = "gnu++20";
				CLANG_ENABLE_MODULES = YES;
				CLANG_ENABLE_OBJC_ARC = YES;
				CLANG_ENABLE_OBJC_WEAK = YES;
				CLANG_WARN_BLOCK_CAPTURE_AUTORELEASING = YES;
				CLANG_WARN_BOOL_CONVERSION = YES;
				CLANG_WARN_COMMA = YES;
				CLANG_WARN_CONSTANT_CONVERSION = YES;
				CLANG_WARN_DEPRECATED_OBJC_IMPLEMENTATIONS = YES;
				CLANG_WARN_DIRECT_OBJC_ISA_USAGE = YES_ERROR;
				CLANG_WARN_DOCUMENTATION_COMMENTS = YES;
				CLANG_WARN_EMPTY_BODY = YES;
				CLANG_WARN_ENUM_CONVERSION = YES;
				CLANG_WARN_INFINITE_RECURSION = YES;
				CLANG_WARN_INT_CONVERSION = YES;
				CLANG_WARN_NON_LITERAL_NULL_CONVERSION = YES;
				CLANG_WARN_OBJC_IMPLICIT_RETAIN_SELF = YES;
				CLANG_WARN_OBJC_LITERAL_CONVERSION = YES;
				CLANG_WARN_OBJC_ROOT_CLASS = YES_ERROR;
				CLANG_WARN_QUOTED_INCLUDE_IN_FRAMEWORK_HEADER = YES;
				CLANG_WARN_RANGE_LOOP_ANALYSIS = YES;
				CLANG_WARN_STRICT_PROTOTYPES = YES;
				CLANG_WARN_SUSPICIOUS_MOVE = YES;
				CLANG_WARN_UNGUARDED_AVAILABILITY = YES_AGGRESSIVE;
				CLANG_WARN_UNREACHABLE_CODE = YES;
				CLANG_WARN__DUPLICATE_METHOD_MATCH = YES;
				COPY_PHASE_STRIP = NO;
				DEBUG_INFORMATION_FORMAT = "dwarf-with-dsym";
				ENABLE_NS_ASSERTIONS = NO;
				ENABLE_STRICT_OBJC_MSGSEND = YES;
				ENABLE_USER_SCRIPT_SANDBOXING = YES;
				GCC_C_LANGUAGE_STANDARD = gnu17;
				GCC_NO_COMMON_BLOCKS = YES;
				GCC_WARN_64_TO_32_BIT_CONVERSION = YES;
				GCC_WARN_ABOUT_RETURN_TYPE = YES_ERROR;
				GCC_WARN_UNDECLARED_SELECTOR = YES;
				GCC_WARN_UNINITIALIZED_AUTOS = YES_AGGRESSIVE;
				GCC_WARN_UNUSED_FUNCTION = YES;
				GCC_WARN_UNUSED_VARIABLE = YES;
				IPHONEOS_DEPLOYMENT_TARGET = 17.0;
				LOCALIZATION_PREFERS_STRING_CATALOGS = YES;
				MTL_ENABLE_DEBUG_INFO = NO;
				MTL_FAST_MATH = YES;
				SDKROOT = iphoneos;
				SWIFT_COMPILATION_MODE = wholemodule;
				VALIDATE_PRODUCT = YES;
			};
			name = Release;
		};
		6B78B8D92ABB350F006E37EF /* Debug */ = {
			isa = XCBuildConfiguration;
			buildSettings = {
				ASSETCATALOG_COMPILER_APPICON_NAME = AppIcon;
				ASSETCATALOG_COMPILER_GLOBAL_ACCENT_COLOR_NAME = AccentColor;
				CODE_SIGN_ENTITLEMENTS = "Sweet&Fruit Bonanza/Sweet&Fruit Bonanza.entitlements";
				CODE_SIGN_STYLE = Manual;
				CURRENT_PROJECT_VERSION = 11;
				DEVELOPMENT_ASSET_PATHS = "\"Sweet&Fruit Bonanza/Preview Content\"";
				DEVELOPMENT_TEAM = "";
				ENABLE_PREVIEWS = YES;
				GENERATE_INFOPLIST_FILE = YES;
				INFOPLIST_FILE = "Sweet-Fruit-Bonanza-Info.plist";
				INFOPLIST_KEY_CFBundleDisplayName = "Sweet&Fruit Bonanza";
				INFOPLIST_KEY_LSApplicationCategoryType = "public.app-category.kids-games";
				INFOPLIST_KEY_NSCameraUsageDescription = "Select \"Allow\" for better experience. The app сan use images to setup user profile and problem solving, we do not store your personal photos.";
				INFOPLIST_KEY_NSPhotoLibraryUsageDescription = "The app сan use images to setup user profile and problem solving, we do not store your personal photos.";
				INFOPLIST_KEY_NSUserTrackingUsageDescription = "Select \"Allow\" for better experience. This identifier will be used to collect Crash Data and in-app activity in order to improve functionalities and user engagement.";
				INFOPLIST_KEY_UIApplicationSupportsIndirectInputEvents = YES;
				INFOPLIST_KEY_UILaunchScreen_Generation = YES;
				INFOPLIST_KEY_UILaunchStoryboardName = LaunchScreen.storyboard;
				INFOPLIST_KEY_UISupportedInterfaceOrientations_iPad = "UIInterfaceOrientationPortrait UIInterfaceOrientationPortraitUpsideDown UIInterfaceOrientationLandscapeLeft UIInterfaceOrientationLandscapeRight";
				INFOPLIST_KEY_UISupportedInterfaceOrientations_iPhone = "UIInterfaceOrientationPortrait UIInterfaceOrientationLandscapeLeft UIInterfaceOrientationLandscapeRight";
				IPHONEOS_DEPLOYMENT_TARGET = 14.0;
				LD_RUNPATH_SEARCH_PATHS = (
					"$(inherited)",
					"@executable_path/Frameworks",
				);
				MARKETING_VERSION = 1.0;
				PRODUCT_BUNDLE_IDENTIFIER = "sweetfruits.Sweet-Fruit-Bonanza";
				PRODUCT_NAME = "$(TARGET_NAME)";
				PROVISIONING_PROFILE_SPECIFIER = "";
				SUPPORTED_PLATFORMS = "iphoneos iphonesimulator";
				SUPPORTS_MACCATALYST = NO;
				SUPPORTS_MAC_DESIGNED_FOR_IPHONE_IPAD = NO;
				SWIFT_EMIT_LOC_STRINGS = YES;
				SWIFT_VERSION = 5.0;
				TARGETED_DEVICE_FAMILY = "1,2";
			};
			name = Debug;
		};
		6B78B8DA2ABB350F006E37EF /* Release */ = {
			isa = XCBuildConfiguration;
			buildSettings = {
				ASSETCATALOG_COMPILER_APPICON_NAME = AppIcon;
				ASSETCATALOG_COMPILER_GLOBAL_ACCENT_COLOR_NAME = AccentColor;
				CODE_SIGN_ENTITLEMENTS = "Sweet&Fruit Bonanza/Sweet&Fruit Bonanza.entitlements";
				CODE_SIGN_STYLE = Manual;
				CURRENT_PROJECT_VERSION = 11;
				DEVELOPMENT_ASSET_PATHS = "\"Sweet&Fruit Bonanza/Preview Content\"";
				DEVELOPMENT_TEAM = "";
				ENABLE_PREVIEWS = YES;
				GENERATE_INFOPLIST_FILE = YES;
				INFOPLIST_FILE = "Sweet-Fruit-Bonanza-Info.plist";
				INFOPLIST_KEY_CFBundleDisplayName = "Sweet&Fruit Bonanza";
				INFOPLIST_KEY_LSApplicationCategoryType = "public.app-category.kids-games";
				INFOPLIST_KEY_NSCameraUsageDescription = "Select \"Allow\" for better experience. The app сan use images to setup user profile and problem solving, we do not store your personal photos.";
				INFOPLIST_KEY_NSPhotoLibraryUsageDescription = "The app сan use images to setup user profile and problem solving, we do not store your personal photos.";
				INFOPLIST_KEY_NSUserTrackingUsageDescription = "Select \"Allow\" for better experience. This identifier will be used to collect Crash Data and in-app activity in order to improve functionalities and user engagement.";
				INFOPLIST_KEY_UIApplicationSupportsIndirectInputEvents = YES;
				INFOPLIST_KEY_UILaunchScreen_Generation = YES;
				INFOPLIST_KEY_UILaunchStoryboardName = LaunchScreen.storyboard;
				INFOPLIST_KEY_UISupportedInterfaceOrientations_iPad = "UIInterfaceOrientationPortrait UIInterfaceOrientationPortraitUpsideDown UIInterfaceOrientationLandscapeLeft UIInterfaceOrientationLandscapeRight";
				INFOPLIST_KEY_UISupportedInterfaceOrientations_iPhone = "UIInterfaceOrientationPortrait UIInterfaceOrientationLandscapeLeft UIInterfaceOrientationLandscapeRight";
				IPHONEOS_DEPLOYMENT_TARGET = 14.0;
				LD_RUNPATH_SEARCH_PATHS = (
					"$(inherited)",
					"@executable_path/Frameworks",
				);
				MARKETING_VERSION = 1.0;
				PRODUCT_BUNDLE_IDENTIFIER = "sweetfruits.Sweet-Fruit-Bonanza";
				PRODUCT_NAME = "$(TARGET_NAME)";
				PROVISIONING_PROFILE_SPECIFIER = "";
				SUPPORTED_PLATFORMS = "iphoneos iphonesimulator";
				SUPPORTS_MACCATALYST = NO;
				SUPPORTS_MAC_DESIGNED_FOR_IPHONE_IPAD = NO;
				SWIFT_EMIT_LOC_STRINGS = YES;
				SWIFT_VERSION = 5.0;
				TARGETED_DEVICE_FAMILY = "1,2";
			};
			name = Release;
		};
/* End XCBuildConfiguration section */

/* Begin XCConfigurationList section */
		6B78B8C52ABB350E006E37EF /* Build configuration list for PBXProject "Sweet&Fruit Bonanza" */ = {
			isa = XCConfigurationList;
			buildConfigurations = (
				6B78B8D62ABB350F006E37EF /* Debug */,
				6B78B8D72ABB350F006E37EF /* Release */,
			);
			defaultConfigurationIsVisible = 0;
			defaultConfigurationName = Release;
		};
		6B78B8D82ABB350F006E37EF /* Build configuration list for PBXNativeTarget "Sweet&Fruit Bonanza" */ = {
			isa = XCConfigurationList;
			buildConfigurations = (
				6B78B8D92ABB350F006E37EF /* Debug */,
				6B78B8DA2ABB350F006E37EF /* Release */,
			);
			defaultConfigurationIsVisible = 0;
			defaultConfigurationName = Release;
		};
/* End XCConfigurationList section */

/* Begin XCRemoteSwiftPackageReference section */
		D97917C52ADD4062003CA433 /* XCRemoteSwiftPackageReference "BAK_OPTIMIZED" */ = {
			isa = XCRemoteSwiftPackageReference;
			repositoryURL = "https://github.com/balabantim/BAK_OPTIMIZED.git";
			requirement = {
				branch = main;
				kind = branch;
			};
		};
/* End XCRemoteSwiftPackageReference section */

/* Begin XCSwiftPackageProductDependency section */
		D97917C62ADD4062003CA433 /* BAK */ = {
			isa = XCSwiftPackageProductDependency;
			package = D97917C52ADD4062003CA433 /* XCRemoteSwiftPackageReference "BAK_OPTIMIZED" */;
			productName = BAK;
		};
/* End XCSwiftPackageProductDependency section */

/* Begin XCVersionGroup section */
		6B5339392AC85FB300B4603D /* ImageContainer.xcdatamodeld */ = {
			isa = XCVersionGroup;
			children = (
				6B53393A2AC85FB300B4603D /* ImageContainer.xcdatamodel */,
			);
			currentVersion = 6B53393A2AC85FB300B4603D /* ImageContainer.xcdatamodel */;
			path = ImageContainer.xcdatamodeld;
			sourceTree = "<group>";
			versionGroupType = wrapper.xcdatamodel;
		};
/* End XCVersionGroup section */
	};
	rootObject = 6B78B8C22ABB350E006E37EF /* Project object */;
}
